
Microsoft Visual Studio Solution File, Format Version 12.00
# Visual Studio 2012
Project("{FAE04EC0-301F-11D3-BF4B-00C04F79EFBC}") = "Spent.Droid", "Droid\Spent.Droid.csproj", "{B384E318-8BF6-491E-825F-63069D1D85EF}"
EndProject
Project("{D954291E-2A0B-460D-934E-DC6B0785DB48}") = "Spent", "Spent\Spent.shproj", "{2C955BAF-7CC3-4FB4-98B8-70474EA7161B}"
EndProject
Global
	GlobalSection(SolutionConfigurationPlatforms) = preSolution
		Debug|Any CPU = Debug|Any CPU
		Release|Any CPU = Release|Any CPU
		Debug|iPhoneSimulator = Debug|iPhoneSimulator
		Release|iPhone = Release|iPhone
		Release|iPhoneSimulator = Release|iPhoneSimulator
		Debug|iPhone = Debug|iPhone
	EndGlobalSection
	GlobalSection(ProjectConfigurationPlatforms) = postSolution
		{B384E318-8BF6-491E-825F-63069D1D85EF}.Debug|Any CPU.ActiveCfg = Debug|Any CPU
		{B384E318-8BF6-491E-825F-63069D1D85EF}.Debug|Any CPU.Build.0 = Debug|Any CPU
		{B384E318-8BF6-491E-825F-63069D1D85EF}.Release|Any CPU.ActiveCfg = Release|Any CPU
		{B384E318-8BF6-491E-825F-63069D1D85EF}.Release|Any CPU.Build.0 = Release|Any CPU
		{B384E318-8BF6-491E-825F-63069D1D85EF}.Debug|iPhoneSimulator.ActiveCfg = Debug|Any CPU
		{B384E318-8BF6-491E-825F-63069D1D85EF}.Debug|iPhoneSimulator.Build.0 = Debug|Any CPU
		{B384E318-8BF6-491E-825F-63069D1D85EF}.Release|iPhone.ActiveCfg = Release|Any CPU
		{B384E318-8BF6-491E-825F-63069D1D85EF}.Release|iPhone.Build.0 = Release|Any CPU
		{B384E318-8BF6-491E-825F-63069D1D85EF}.Release|iPhoneSimulator.ActiveCfg = Release|Any CPU
		{B384E318-8BF6-491E-825F-63069D1D85EF}.Release|iPhoneSimulator.Build.0 = Release|Any CPU
		{B384E318-8BF6-491E-825F-63069D1D85EF}.Debug|iPhone.ActiveCfg = Debug|Any CPU
		{B384E318-8BF6-491E-825F-63069D1D85EF}.Debug|iPhone.Build.0 = Debug|Any CPU
	EndGlobalSection
EndGlobal
